{
  "version": "5",
  "specifiers": {
    "jsr:@cliffy/table@1.0.0-rc.7": "1.0.0-rc.7",
    "jsr:@std/fmt@~1.0.2": "1.0.9",
    "jsr:@std/yaml@1.0.5": "1.0.5"
  },
  "jsr": {
    "@cliffy/table@1.0.0-rc.7": {
      "integrity": "9fdd9776eda28a0b397981c400eeb1aa36da2371b43eefe12e6ff555290e3180",
      "dependencies": [
        "jsr:@std/fmt"
      ]
    },
    "@std/fmt@1.0.9": {
      "integrity": "2487343e8899fb2be5d0e3d35013e54477ada198854e52dd05ed0422eddcabe0"
    },
    "@std/yaml@1.0.5": {
      "integrity": "71ba3d334305ee2149391931508b2c293a8490f94a337eef3a09cade1a2a2742"
    }
  },
  "workspace": {
    "dependencies": [
      "jsr:@cliffy/table@1.0.0-rc.7",
      "jsr:@std/yaml@1.0.5"
    ],
    "packageJson": {
      "dependencies": [
        "npm:@biomejs/biome@2.4.13",
        "npm:@nuxt/content@3.13.0",
        "npm:@nuxt/fonts@0.14.0",
        "npm:@nuxt/image@2.0.0",
        "npm:@nuxt/test-utils@4.0.3",
        "npm:@nuxtjs/sitemap@8.0.15",
        "npm:@vue/test-utils@2.4.10",
        "npm:better-sqlite3@12.9.0",
        "npm:happy-dom@20.9.0",
        "npm:nuxt@4.4.4",
        "npm:oxlint@1.62.0",
        "npm:sharp@0.34.5",
        "npm:table@6.9.0",
        "npm:vitest@4.1.5"
      ]
    }
  }
}
